// !$*UTF8*$!
{
	archiveVersion = 1;
	classes = {
	};
	objectVersion = 46;
	objects = {

/* Begin PBXBuildFile section */
		E666B0001BCBB7D900653E93 /* main.m in Sources */ = {isa = PBXBuildFile; fileRef = E666AFFF1BCBB7D900653E93 /* main.m */; };
		E666B0031BCBB7D900653E93 /* AppDelegate.m in Sources */ = {isa = PBXBuildFile; fileRef = E666B0021BCBB7D900653E93 /* AppDelegate.m */; };
		E666B0061BCBB7D900653E93 /* ViewController.m in Sources */ = {isa = PBXBuildFile; fileRef = E666B0051BCBB7D900653E93 /* ViewController.m */; };
		E666B0091BCBB7D900653E93 /* Main.storyboard in Resources */ = {isa = PBXBuildFile; fileRef = E666B0071BCBB7D900653E93 /* Main.storyboard */; };
		E666B00B1BCBB7D900653E93 /* Assets.xcassets in Resources */ = {isa = PBXBuildFile; fileRef = E666B00A1BCBB7D900653E93 /* Assets.xcassets */; };
		E666B00E1BCBB7D900653E93 /* LaunchScreen.storyboard in Resources */ = {isa = PBXBuildFile; fileRef = E666B00C1BCBB7D900653E93 /* LaunchScreen.storyboard */; };
		E666B0171BCBB7EF00653E93 /* Contact.m in Sources */ = {isa = PBXBuildFile; fileRef = E666B0161BCBB7EF00653E93 /* Contact.m */; };
		E666B01A1BCBBC1200653E93 /* ContactGroup.m in Sources */ = {isa = PBXBuildFile; fileRef = E666B0191BCBBC1200653E93 /* ContactGroup.m */; };
/* End PBXBuildFile section */

/* Begin PBXFileReference section */
		E666AFFB1BCBB7D900653E93 /* ContactDemo.app */ = {isa = PBXFileReference; explicitFileType = wrapper.application; includeInIndex = 0; path = ContactDemo.app; sourceTree = BUILT_PRODUCTS_DIR; };
		E666AFFF1BCBB7D900653E93 /* main.m */ = {isa = PBXFileReference; lastKnownFileType = sourcecode.c.objc; path = main.m; sourceTree = "<group>"; };
		E666B0011BCBB7D900653E93 /* AppDelegate.h */ = {isa = PBXFileReference; lastKnownFileType = sourcecode.c.h; path = AppDelegate.h; sourceTree = "<group>"; };
		E666B0021BCBB7D900653E93 /* AppDelegate.m */ = {isa = PBXFileReference; lastKnownFileType = sourcecode.c.objc; path = AppDelegate.m; sourceTree = "<group>"; };
		E666B0041BCBB7D900653E93 /* ViewController.h */ = {isa = PBXFileReference; lastKnownFileType = sourcecode.c.h; path = ViewController.h; sourceTree = "<group>"; };
		E666B0051BCBB7D900653E93 /* ViewController.m */ = {isa = PBXFileReference; lastKnownFileType = sourcecode.c.objc; path = ViewController.m; sourceTree = "<group>"; };
		E666B0081BCBB7D900653E93 /* Base */ = {isa = PBXFileReference; lastKnownFileType = file.storyboard; name = Base; path = Base.lproj/Main.storyboard; sourceTree = "<group>"; };
		E666B00A1BCBB7D900653E93 /* Assets.xcassets */ = {isa = PBXFileReference; lastKnownFileType = folder.assetcatalog; path = Assets.xcassets; sourceTree = "<group>"; };
		E666B00D1BCBB7D900653E93 /* Base */ = {isa = PBXFileReference; lastKnownFileType = file.storyboard; name = Base; path = Base.lproj/LaunchScreen.storyboard; sourceTree = "<group>"; };
		E666B00F1BCBB7D900653E93 /* Info.plist */ = {isa = PBXFileReference; lastKnownFileType = text.plist.xml; path = Info.plist; sourceTree = "<group>"; };
		E666B0151BCBB7EF00653E93 /* Contact.h */ = {isa = PBXFileReference; fileEncoding = 4; lastKnownFileType = sourcecode.c.h; path = Contact.h; sourceTree = "<group>"; };
		E666B0161BCBB7EF00653E93 /* Contact.m */ = {isa = PBXFileReference; fileEncoding = 4; lastKnownFileType = sourcecode.c.objc; path = Contact.m; sourceTree = "<group>"; };
		E666B0181BCBBC1200653E93 /* ContactGroup.h */ = {isa = PBXFileReference; fileEncoding = 4; lastKnownFileType = sourcecode.c.h; path = ContactGroup.h; sourceTree = "<group>"; };
		E666B0191BCBBC1200653E93 /* ContactGroup.m */ = {isa = PBXFileReference; fileEncoding = 4; lastKnownFileType = sourcecode.c.objc; path = ContactGroup.m; sourceTree = "<group>"; };
/* End PBXFileReference section */

/* Begin PBXFrameworksBuildPhase section */
		E666AFF81BCBB7D900653E93 /* Frameworks */ = {
			isa = PBXFrameworksBuildPhase;
			buildActionMask = 2147483647;
			files = (
			);
			runOnlyForDeploymentPostprocessing = 0;
		};
/* End PBXFrameworksBuildPhase section */

/* Begin PBXGroup section */
		E666AFF21BCBB7D900653E93 = {
			isa = PBXGroup;
			children = (
				E666AFFD1BCBB7D900653E93 /* ContactDemo */,
				E666AFFC1BCBB7D900653E93 /* Products */,
			);
			sourceTree = "<group>";
		};
		E666AFFC1BCBB7D900653E93 /* Products */ = {
			isa = PBXGroup;
			children = (
				E666AFFB1BCBB7D900653E93 /* ContactDemo.app */,
			);
			name = Products;
			sourceTree = "<group>";
		};
		E666AFFD1BCBB7D900653E93 /* ContactDemo */ = {
			isa = PBXGroup;
			children = (
				E666B0011BCBB7D900653E93 /* AppDelegate.h */,
				E666B0021BCBB7D900653E93 /* AppDelegate.m */,
				E666B0041BCBB7D900653E93 /* ViewController.h */,
				E666B0051BCBB7D900653E93 /* ViewController.m */,
				E666B0151BCBB7EF00653E93 /* Contact.h */,
				E666B0161BCBB7EF00653E93 /* Contact.m */,
				E666B0181BCBBC1200653E93 /* ContactGroup.h */,
				E666B0191BCBBC1200653E93 /* ContactGroup.m */,
				E666B0071BCBB7D900653E93 /* Main.storyboard */,
				E666B00A1BCBB7D900653E93 /* Assets.xcassets */,
				E666B00C1BCBB7D900653E93 /* LaunchScreen.storyboard */,
				E666B00F1BCBB7D900653E93 /* Info.plist */,
				E666AFFE1BCBB7D900653E93 /* Supporting Files */,
			);
			path = ContactDemo;
			sourceTree = "<group>";
		};
		E666AFFE1BCBB7D900653E93 /* Supporting Files */ = {
			isa = PBXGroup;
			children = (
				E666AFFF1BCBB7D900653E93 /* main.m */,
			);
			name = "Supporting Files";
			sourceTree = "<group>";
		};
/* End PBXGroup section */

/* Begin PBXNativeTarget section */
		E666AFFA1BCBB7D900653E93 /* ContactDemo */ = {
			isa = PBXNativeTarget;
			buildConfigurationList = E666B0121BCBB7D900653E93 /* Build configuration list for PBXNativeTarget "ContactDemo" */;
			buildPhases = (
				E666AFF71BCBB7D900653E93 /* Sources */,
				E666AFF81BCBB7D900653E93 /* Frameworks */,
				E666AFF91BCBB7D900653E93 /* Resources */,
			);
			buildRules = (
			);
			dependencies = (
			);
			name = ContactDemo;
			productName = ContactDemo;
			productReference = E666AFFB1BCBB7D900653E93 /* ContactDemo.app */;
			productType = "com.apple.product-type.application";
		};
/* End PBXNativeTarget section */

/* Begin PBXProject section */
		E666AFF31BCBB7D900653E93 /* Project object */ = {
			isa = PBXProject;
			attributes = {
				LastUpgradeCheck = 0710;
				ORGANIZATIONNAME = "Shiina Mashiro";
				TargetAttributes = {
					E666AFFA1BCBB7D900653E93 = {
						CreatedOnToolsVersion = 7.1;
						DevelopmentTeam = QS95TTV4CR;
					};
				};
			};
			buildConfigurationList = E666AFF61BCBB7D900653E93 /* Build configuration list for PBXProject "ContactDemo" */;
			compatibilityVersion = "Xcode 3.2";
			developmentRegion = English;
			hasScannedForEncodings = 0;
			knownRegions = (
				en,
				Base,
			);
			mainGroup = E666AFF21BCBB7D900653E93;
			productRefGroup = E666AFFC1BCBB7D900653E93 /* Products */;
			projectDirPath = "";
			projectRoot = "";
			targets = (
				E666AFFA1BCBB7D900653E93 /* ContactDemo */,
			);
		};
/* End PBXProject section */

/* Begin PBXResourcesBuildPhase section */
		E666AFF91BCBB7D900653E93 /* Resources */ = {
			isa = PBXResourcesBuildPhase;
			buildActionMask = 2147483647;
			files = (
				E666B00E1BCBB7D900653E93 /* LaunchScreen.storyboard in Resources */,
				E666B00B1BCBB7D900653E93 /* Assets.xcassets in Resources */,
				E666B0091BCBB7D900653E93 /* Main.storyboard in Resources */,
			);
			runOnlyForDeploymentPostprocessing = 0;
		};
/* End PBXResourcesBuildPhase section */

/* Begin PBXSourcesBuildPhase section */
		E666AFF71BCBB7D900653E93 /* Sources */ = {
			isa = PBXSourcesBuildPhase;
			buildActionMask = 2147483647;
			files = (
				E666B0171BCBB7EF00653E93 /* Contact.m in Sources */,
				E666B0061BCBB7D900653E93 /* ViewController.m in Sources */,
				E666B0031BCBB7D900653E93 /* AppDelegate.m in Sources */,
				E666B0001BCBB7D900653E93 /* main.m in Sources */,
				E666B01A1BCBBC1200653E93 /* ContactGroup.m in Sources */,
			);
			runOnlyForDeploymentPostprocessing = 0;
		};
/* End PBXSourcesBuildPhase section */

/* Begin PBXVariantGroup section */
		E666B0071BCBB7D900653E93 /* Main.storyboard */ = {
			isa = PBXVariantGroup;
			children = (
				E666B0081BCBB7D900653E93 /* Base */,
			);
			name = Main.storyboard;
			sourceTree = "<group>";
		};
		E666B00C1BCBB7D900653E93 /* LaunchScreen.storyboard */ = {
			isa = PBXVariantGroup;
			children = (
				E666B00D1BCBB7D900653E93 /* Base */,
			);
			name = LaunchScreen.storyboard;
			sourceTree = "<group>";
		};
/* End PBXVariantGroup section */

/* Begin XCBuildConfiguration section */
		E666B0101BCBB7D900653E93 /* Debug */ = {
			isa = XCBuildConfiguration;
			buildSettings = {
				ALWAYS_SEARCH_USER_PATHS = NO;
				CLANG_CXX_LANGUAGE_STANDARD = "gnu++0x";
				CLANG_CXX_LIBRARY = "libc++";
				CLANG_ENABLE_MODULES = YES;
				CLANG_ENABLE_OBJC_ARC = YES;
				CLANG_WARN_BOOL_CONVERSION = YES;
				CLANG_WARN_CONSTANT_CONVERSION = YES;
				CLANG_WARN_DIRECT_OBJC_ISA_USAGE = YES_ERROR;
				CLANG_WARN_EMPTY_BODY = YES;
				CLANG_WARN_ENUM_CONVERSION = YES;
				CLANG_WARN_INT_CONVERSION = YES;
				CLANG_WARN_OBJC_ROOT_CLASS = YES_ERROR;
				CLANG_WARN_UNREACHABLE_CODE = YES;
				CLANG_WARN__DUPLICATE_METHOD_MATCH = YES;
				"CODE_SIGN_IDENTITY[sdk=iphoneos*]" = "iPhone Developer";
				COPY_PHASE_STRIP = NO;
				DEBUG_INFORMATION_FORMAT = dwarf;
				ENABLE_STRICT_OBJC_MSGSEND = YES;
				ENABLE_TESTABILITY = YES;
				GCC_C_LANGUAGE_STANDARD = gnu99;
				GCC_DYNAMIC_NO_PIC = NO;
				GCC_NO_COMMON_BLOCKS = YES;
				GCC_OPTIMIZATION_LEVEL = 0;
				GCC_PREPROCESSOR_DEFINITIONS = (
					"DEBUG=1",
					"$(inherited)",
				);
				GCC_WARN_64_TO_32_BIT_CONVERSION = YES;
				GCC_WARN_ABOUT_RETURN_TYPE = YES_ERROR;
				GCC_WARN_UNDECLARED_SELECTOR = YES;
				GCC_WARN_UNINITIALIZED_AUTOS = YES_AGGRESSIVE;
				GCC_WARN_UNUSED_FUNCTION = YES;
				GCC_WARN_UNUSED_VARIABLE = YES;
				IPHONEOS_DEPLOYMENT_TARGET = 9.1;
				MTL_ENABLE_DEBUG_INFO = YES;
				ONLY_ACTIVE_ARCH = YES;
				SDKROOT = iphoneos;
			};
			name = Debug;
		};
		E666B0111BCBB7D900653E93 /* Release */ = {
			isa = XCBuildConfiguration;
			buildSettings = {
				ALWAYS_SEARCH_USER_PATHS = NO;
				CLANG_CXX_LANGUAGE_STANDARD = "gnu++0x";
				CLANG_CXX_LIBRARY = "libc++";
				CLANG_ENABLE_MODULES = YES;
				CLANG_ENABLE_OBJC_ARC = YES;
				CLANG_WARN_BOOL_CONVERSION = YES;
				CLANG_WARN_CONSTANT_CONVERSION = YES;
				CLANG_WARN_DIRECT_OBJC_ISA_USAGE = YES_ERROR;
				CLANG_WARN_EMPTY_BODY = YES;
				CLANG_WARN_ENUM_CONVERSION = YES;
				CLANG_WARN_INT_CONVERSION = YES;
				CLANG_WARN_OBJC_ROOT_CLASS = YES_ERROR;
				CLANG_WARN_UNREACHABLE_CODE = YES;
				CLANG_WARN__DUPLICATE_METHOD_MATCH = YES;
				"CODE_SIGN_IDENTITY[sdk=iphoneos*]" = "iPhone Developer";
				COPY_PHASE_STRIP = NO;
				DEBUG_INFORMATION_FORMAT = "dwarf-with-dsym";
				ENABLE_NS_ASSERTIONS = NO;
				ENABLE_STRICT_OBJC_MSGSEND = YES;
				GCC_C_LANGUAGE_STANDARD = gnu99;
				GCC_NO_COMMON_BLOCKS = YES;
				GCC_WARN_64_TO_32_BIT_CONVERSION = YES;
				GCC_WARN_ABOUT_RETURN_TYPE = YES_ERROR;
				GCC_WARN_UNDECLARED_SELECTOR = YES;
				GCC_WARN_UNINITIALIZED_AUTOS = YES_AGGRESSIVE;
				GCC_WARN_UNUSED_FUNCTION = YES;
				GCC_WARN_UNUSED_VARIABLE = YES;
				IPHONEOS_DEPLOYMENT_TARGET = 9.1;
				MTL_ENABLE_DEBUG_INFO = NO;
				SDKROOT = iphoneos;
				VALIDATE_PRODUCT = YES;
			};
			name = Release;
		};
		E666B0131BCBB7D900653E93 /* Debug */ = {
			isa = XCBuildConfiguration;
			buildSettings = {
				ASSETCATALOG_COMPILER_APPICON_NAME = AppIcon;
				INFOPLIST_FILE = ContactDemo/Info.plist;
				LD_RUNPATH_SEARCH_PATHS = "$(inherited) @executable_path/Frameworks";
				PRODUCT_BUNDLE_IDENTIFIER = be.loli.ContactDemo;
				PRODUCT_NAME = "$(TARGET_NAME)";
			};
			name = Debug;
		};
		E666B0141BCBB7D900653E93 /* Release */ = {
			isa = XCBuildConfiguration;
			buildSettings = {
				ASSETCATALOG_COMPILER_APPICON_NAME = AppIcon;
				INFOPLIST_FILE = ContactDemo/Info.plist;
				LD_RUNPATH_SEARCH_PATHS = "$(inherited) @executable_path/Frameworks";
				PRODUCT_BUNDLE_IDENTIFIER = be.loli.ContactDemo;
				PRODUCT_NAME = "$(TARGET_NAME)";
			};
			name = Release;
		};
/* End XCBuildConfiguration section */

/* Begin XCConfigurationList section */
		E666AFF61BCBB7D900653E93 /* Build configuration list for PBXProject "ContactDemo" */ = {
			isa = XCConfigurationList;
			buildConfigurations = (
				E666B0101BCBB7D900653E93 /* Debug */,
				E666B0111BCBB7D900653E93 /* Release */,
			);
			defaultConfigurationIsVisible = 0;
			defaultConfigurationName = Release;
		};
		E666B0121BCBB7D900653E93 /* Build configuration list for PBXNativeTarget "ContactDemo" */ = {
			isa = XCConfigurationList;
			buildConfigurations = (
				E666B0131BCBB7D900653E93 /* Debug */,
				E666B0141BCBB7D900653E93 /* Release */,
			);
			defaultConfigurationIsVisible = 0;
		};
/* End XCConfigurationList section */
	};
	rootObject = E666AFF31BCBB7D900653E93 /* Project object */;
}
