// !$*UTF8*$!
{
	archiveVersion = 1;
	classes = {
	};
	objectVersion = 46;
	objects = {

/* Begin PBXBuildFile section */
		E604A8FC1BC1570F00DD34CC /* main.m in Sources */ = {isa = PBXBuildFile; fileRef = E604A8FB1BC1570F00DD34CC /* main.m */; };
		E604A8FF1BC1570F00DD34CC /* AppDelegate.m in Sources */ = {isa = PBXBuildFile; fileRef = E604A8FE1BC1570F00DD34CC /* AppDelegate.m */; };
		E604A9021BC1570F00DD34CC /* ViewController.m in Sources */ = {isa = PBXBuildFile; fileRef = E604A9011BC1570F00DD34CC /* ViewController.m */; };
		E604A9051BC1570F00DD34CC /* Main.storyboard in Resources */ = {isa = PBXBuildFile; fileRef = E604A9031BC1570F00DD34CC /* Main.storyboard */; };
		E604A9071BC1570F00DD34CC /* Assets.xcassets in Resources */ = {isa = PBXBuildFile; fileRef = E604A9061BC1570F00DD34CC /* Assets.xcassets */; };
		E604A90A1BC1570F00DD34CC /* LaunchScreen.storyboard in Resources */ = {isa = PBXBuildFile; fileRef = E604A9081BC1570F00DD34CC /* LaunchScreen.storyboard */; };
/* End PBXBuildFile section */

/* Begin PBXFileReference section */
		E604A8F71BC1570F00DD34CC /* Fonts.app */ = {isa = PBXFileReference; explicitFileType = wrapper.application; includeInIndex = 0; path = Fonts.app; sourceTree = BUILT_PRODUCTS_DIR; };
		E604A8FB1BC1570F00DD34CC /* main.m */ = {isa = PBXFileReference; lastKnownFileType = sourcecode.c.objc; path = main.m; sourceTree = "<group>"; };
		E604A8FD1BC1570F00DD34CC /* AppDelegate.h */ = {isa = PBXFileReference; lastKnownFileType = sourcecode.c.h; path = AppDelegate.h; sourceTree = "<group>"; };
		E604A8FE1BC1570F00DD34CC /* AppDelegate.m */ = {isa = PBXFileReference; lastKnownFileType = sourcecode.c.objc; path = AppDelegate.m; sourceTree = "<group>"; };
		E604A9001BC1570F00DD34CC /* ViewController.h */ = {isa = PBXFileReference; lastKnownFileType = sourcecode.c.h; path = ViewController.h; sourceTree = "<group>"; };
		E604A9011BC1570F00DD34CC /* ViewController.m */ = {isa = PBXFileReference; lastKnownFileType = sourcecode.c.objc; path = ViewController.m; sourceTree = "<group>"; };
		E604A9041BC1570F00DD34CC /* Base */ = {isa = PBXFileReference; lastKnownFileType = file.storyboard; name = Base; path = Base.lproj/Main.storyboard; sourceTree = "<group>"; };
		E604A9061BC1570F00DD34CC /* Assets.xcassets */ = {isa = PBXFileReference; lastKnownFileType = folder.assetcatalog; path = Assets.xcassets; sourceTree = "<group>"; };
		E604A9091BC1570F00DD34CC /* Base */ = {isa = PBXFileReference; lastKnownFileType = file.storyboard; name = Base; path = Base.lproj/LaunchScreen.storyboard; sourceTree = "<group>"; };
		E604A90B1BC1570F00DD34CC /* Info.plist */ = {isa = PBXFileReference; lastKnownFileType = text.plist.xml; path = Info.plist; sourceTree = "<group>"; };
/* End PBXFileReference section */

/* Begin PBXFrameworksBuildPhase section */
		E604A8F41BC1570F00DD34CC /* Frameworks */ = {
			isa = PBXFrameworksBuildPhase;
			buildActionMask = 2147483647;
			files = (
			);
			runOnlyForDeploymentPostprocessing = 0;
		};
/* End PBXFrameworksBuildPhase section */

/* Begin PBXGroup section */
		E604A8EE1BC1570F00DD34CC = {
			isa = PBXGroup;
			children = (
				E604A8F91BC1570F00DD34CC /* Fonts */,
				E604A8F81BC1570F00DD34CC /* Products */,
			);
			sourceTree = "<group>";
		};
		E604A8F81BC1570F00DD34CC /* Products */ = {
			isa = PBXGroup;
			children = (
				E604A8F71BC1570F00DD34CC /* Fonts.app */,
			);
			name = Products;
			sourceTree = "<group>";
		};
		E604A8F91BC1570F00DD34CC /* Fonts */ = {
			isa = PBXGroup;
			children = (
				E604A8FD1BC1570F00DD34CC /* AppDelegate.h */,
				E604A8FE1BC1570F00DD34CC /* AppDelegate.m */,
				E604A9001BC1570F00DD34CC /* ViewController.h */,
				E604A9011BC1570F00DD34CC /* ViewController.m */,
				E604A9031BC1570F00DD34CC /* Main.storyboard */,
				E604A9061BC1570F00DD34CC /* Assets.xcassets */,
				E604A9081BC1570F00DD34CC /* LaunchScreen.storyboard */,
				E604A90B1BC1570F00DD34CC /* Info.plist */,
				E604A8FA1BC1570F00DD34CC /* Supporting Files */,
			);
			path = Fonts;
			sourceTree = "<group>";
		};
		E604A8FA1BC1570F00DD34CC /* Supporting Files */ = {
			isa = PBXGroup;
			children = (
				E604A8FB1BC1570F00DD34CC /* main.m */,
			);
			name = "Supporting Files";
			sourceTree = "<group>";
		};
/* End PBXGroup section */

/* Begin PBXNativeTarget section */
		E604A8F61BC1570F00DD34CC /* Fonts */ = {
			isa = PBXNativeTarget;
			buildConfigurationList = E604A90E1BC1570F00DD34CC /* Build configuration list for PBXNativeTarget "Fonts" */;
			buildPhases = (
				E604A8F31BC1570F00DD34CC /* Sources */,
				E604A8F41BC1570F00DD34CC /* Frameworks */,
				E604A8F51BC1570F00DD34CC /* Resources */,
			);
			buildRules = (
			);
			dependencies = (
			);
			name = Fonts;
			productName = Fonts;
			productReference = E604A8F71BC1570F00DD34CC /* Fonts.app */;
			productType = "com.apple.product-type.application";
		};
/* End PBXNativeTarget section */

/* Begin PBXProject section */
		E604A8EF1BC1570F00DD34CC /* Project object */ = {
			isa = PBXProject;
			attributes = {
				LastUpgradeCheck = 0710;
				ORGANIZATIONNAME = "Shiina Mashiro";
				TargetAttributes = {
					E604A8F61BC1570F00DD34CC = {
						CreatedOnToolsVersion = 7.1;
					};
				};
			};
			buildConfigurationList = E604A8F21BC1570F00DD34CC /* Build configuration list for PBXProject "Fonts" */;
			compatibilityVersion = "Xcode 3.2";
			developmentRegion = English;
			hasScannedForEncodings = 0;
			knownRegions = (
				en,
				Base,
			);
			mainGroup = E604A8EE1BC1570F00DD34CC;
			productRefGroup = E604A8F81BC1570F00DD34CC /* Products */;
			projectDirPath = "";
			projectRoot = "";
			targets = (
				E604A8F61BC1570F00DD34CC /* Fonts */,
			);
		};
/* End PBXProject section */

/* Begin PBXResourcesBuildPhase section */
		E604A8F51BC1570F00DD34CC /* Resources */ = {
			isa = PBXResourcesBuildPhase;
			buildActionMask = 2147483647;
			files = (
				E604A90A1BC1570F00DD34CC /* LaunchScreen.storyboard in Resources */,
				E604A9071BC1570F00DD34CC /* Assets.xcassets in Resources */,
				E604A9051BC1570F00DD34CC /* Main.storyboard in Resources */,
			);
			runOnlyForDeploymentPostprocessing = 0;
		};
/* End PBXResourcesBuildPhase section */

/* Begin PBXSourcesBuildPhase section */
		E604A8F31BC1570F00DD34CC /* Sources */ = {
			isa = PBXSourcesBuildPhase;
			buildActionMask = 2147483647;
			files = (
				E604A9021BC1570F00DD34CC /* ViewController.m in Sources */,
				E604A8FF1BC1570F00DD34CC /* AppDelegate.m in Sources */,
				E604A8FC1BC1570F00DD34CC /* main.m in Sources */,
			);
			runOnlyForDeploymentPostprocessing = 0;
		};
/* End PBXSourcesBuildPhase section */

/* Begin PBXVariantGroup section */
		E604A9031BC1570F00DD34CC /* Main.storyboard */ = {
			isa = PBXVariantGroup;
			children = (
				E604A9041BC1570F00DD34CC /* Base */,
			);
			name = Main.storyboard;
			sourceTree = "<group>";
		};
		E604A9081BC1570F00DD34CC /* LaunchScreen.storyboard */ = {
			isa = PBXVariantGroup;
			children = (
				E604A9091BC1570F00DD34CC /* Base */,
			);
			name = LaunchScreen.storyboard;
			sourceTree = "<group>";
		};
/* End PBXVariantGroup section */

/* Begin XCBuildConfiguration section */
		E604A90C1BC1570F00DD34CC /* Debug */ = {
			isa = XCBuildConfiguration;
			buildSettings = {
				ALWAYS_SEARCH_USER_PATHS = NO;
				CLANG_CXX_LANGUAGE_STANDARD = "gnu++0x";
				CLANG_CXX_LIBRARY = "libc++";
				CLANG_ENABLE_MODULES = YES;
				CLANG_ENABLE_OBJC_ARC = YES;
				CLANG_WARN_BOOL_CONVERSION = YES;
				CLANG_WARN_CONSTANT_CONVERSION = YES;
				CLANG_WARN_DIRECT_OBJC_ISA_USAGE = YES_ERROR;
				CLANG_WARN_EMPTY_BODY = YES;
				CLANG_WARN_ENUM_CONVERSION = YES;
				CLANG_WARN_INT_CONVERSION = YES;
				CLANG_WARN_OBJC_ROOT_CLASS = YES_ERROR;
				CLANG_WARN_UNREACHABLE_CODE = YES;
				CLANG_WARN__DUPLICATE_METHOD_MATCH = YES;
				"CODE_SIGN_IDENTITY[sdk=iphoneos*]" = "iPhone Developer";
				COPY_PHASE_STRIP = NO;
				DEBUG_INFORMATION_FORMAT = dwarf;
				ENABLE_STRICT_OBJC_MSGSEND = YES;
				ENABLE_TESTABILITY = YES;
				GCC_C_LANGUAGE_STANDARD = gnu99;
				GCC_DYNAMIC_NO_PIC = NO;
				GCC_NO_COMMON_BLOCKS = YES;
				GCC_OPTIMIZATION_LEVEL = 0;
				GCC_PREPROCESSOR_DEFINITIONS = (
					"DEBUG=1",
					"$(inherited)",
				);
				GCC_WARN_64_TO_32_BIT_CONVERSION = YES;
				GCC_WARN_ABOUT_RETURN_TYPE = YES_ERROR;
				GCC_WARN_UNDECLARED_SELECTOR = YES;
				GCC_WARN_UNINITIALIZED_AUTOS = YES_AGGRESSIVE;
				GCC_WARN_UNUSED_FUNCTION = YES;
				GCC_WARN_UNUSED_VARIABLE = YES;
				IPHONEOS_DEPLOYMENT_TARGET = 9.1;
				MTL_ENABLE_DEBUG_INFO = YES;
				ONLY_ACTIVE_ARCH = YES;
				SDKROOT = iphoneos;
			};
			name = Debug;
		};
		E604A90D1BC1570F00DD34CC /* Release */ = {
			isa = XCBuildConfiguration;
			buildSettings = {
				ALWAYS_SEARCH_USER_PATHS = NO;
				CLANG_CXX_LANGUAGE_STANDARD = "gnu++0x";
				CLANG_CXX_LIBRARY = "libc++";
				CLANG_ENABLE_MODULES = YES;
				CLANG_ENABLE_OBJC_ARC = YES;
				CLANG_WARN_BOOL_CONVERSION = YES;
				CLANG_WARN_CONSTANT_CONVERSION = YES;
				CLANG_WARN_DIRECT_OBJC_ISA_USAGE = YES_ERROR;
				CLANG_WARN_EMPTY_BODY = YES;
				CLANG_WARN_ENUM_CONVERSION = YES;
				CLANG_WARN_INT_CONVERSION = YES;
				CLANG_WARN_OBJC_ROOT_CLASS = YES_ERROR;
				CLANG_WARN_UNREACHABLE_CODE = YES;
				CLANG_WARN__DUPLICATE_METHOD_MATCH = YES;
				"CODE_SIGN_IDENTITY[sdk=iphoneos*]" = "iPhone Developer";
				COPY_PHASE_STRIP = NO;
				DEBUG_INFORMATION_FORMAT = "dwarf-with-dsym";
				ENABLE_NS_ASSERTIONS = NO;
				ENABLE_STRICT_OBJC_MSGSEND = YES;
				GCC_C_LANGUAGE_STANDARD = gnu99;
				GCC_NO_COMMON_BLOCKS = YES;
				GCC_WARN_64_TO_32_BIT_CONVERSION = YES;
				GCC_WARN_ABOUT_RETURN_TYPE = YES_ERROR;
				GCC_WARN_UNDECLARED_SELECTOR = YES;
				GCC_WARN_UNINITIALIZED_AUTOS = YES_AGGRESSIVE;
				GCC_WARN_UNUSED_FUNCTION = YES;
				GCC_WARN_UNUSED_VARIABLE = YES;
				IPHONEOS_DEPLOYMENT_TARGET = 9.1;
				MTL_ENABLE_DEBUG_INFO = NO;
				SDKROOT = iphoneos;
				VALIDATE_PRODUCT = YES;
			};
			name = Release;
		};
		E604A90F1BC1570F00DD34CC /* Debug */ = {
			isa = XCBuildConfiguration;
			buildSettings = {
				ASSETCATALOG_COMPILER_APPICON_NAME = AppIcon;
				INFOPLIST_FILE = Fonts/Info.plist;
				LD_RUNPATH_SEARCH_PATHS = "$(inherited) @executable_path/Frameworks";
				PRODUCT_BUNDLE_IDENTIFIER = be.loli.Fonts;
				PRODUCT_NAME = "$(TARGET_NAME)";
			};
			name = Debug;
		};
		E604A9101BC1570F00DD34CC /* Release */ = {
			isa = XCBuildConfiguration;
			buildSettings = {
				ASSETCATALOG_COMPILER_APPICON_NAME = AppIcon;
				INFOPLIST_FILE = Fonts/Info.plist;
				LD_RUNPATH_SEARCH_PATHS = "$(inherited) @executable_path/Frameworks";
				PRODUCT_BUNDLE_IDENTIFIER = be.loli.Fonts;
				PRODUCT_NAME = "$(TARGET_NAME)";
			};
			name = Release;
		};
/* End XCBuildConfiguration section */

/* Begin XCConfigurationList section */
		E604A8F21BC1570F00DD34CC /* Build configuration list for PBXProject "Fonts" */ = {
			isa = XCConfigurationList;
			buildConfigurations = (
				E604A90C1BC1570F00DD34CC /* Debug */,
				E604A90D1BC1570F00DD34CC /* Release */,
			);
			defaultConfigurationIsVisible = 0;
			defaultConfigurationName = Release;
		};
		E604A90E1BC1570F00DD34CC /* Build configuration list for PBXNativeTarget "Fonts" */ = {
			isa = XCConfigurationList;
			buildConfigurations = (
				E604A90F1BC1570F00DD34CC /* Debug */,
				E604A9101BC1570F00DD34CC /* Release */,
			);
			defaultConfigurationIsVisible = 0;
		};
/* End XCConfigurationList section */
	};
	rootObject = E604A8EF1BC1570F00DD34CC /* Project object */;
}
